
Microsoft Visual Studio Solution File, Format Version 12.00
# Visual Studio Version 16
VisualStudioVersion = 16.0.31911.196
MinimumVisualStudioVersion = 10.0.40219.1
Project("{2150E333-8FDC-42A3-9474-1A3956D46DE8}") = "Services", "Services", "{C94D63D3-5FCC-41EC-A8BC-E4916BB218E2}"
EndProject
Project("{2150E333-8FDC-42A3-9474-1A3956D46DE8}") = "WebApps", "WebApps", "{A55E10E4-3A1B-4D6A-9945-FC356345B16E}"
EndProject
Project("{2150E333-8FDC-42A3-9474-1A3956D46DE8}") = "Cadastros", "Cadastros", "{5C59BDB5-83A1-455A-B2FA-1786CCF991EB}"
EndProject
Project("{2150E333-8FDC-42A3-9474-1A3956D46DE8}") = "Catalogo", "Catalogo", "{59758273-8770-4482-A2B3-B3EC0483EA20}"
EndProject
Project("{2150E333-8FDC-42A3-9474-1A3956D46DE8}") = "Core", "Core", "{9D87EADE-13E4-4F70-8915-9F1063F17564}"
EndProject
Project("{2150E333-8FDC-42A3-9474-1A3956D46DE8}") = "Fiscal", "Fiscal", "{F054C80F-61DC-4A26-901F-76C34F60FFCC}"
EndProject
Project("{2150E333-8FDC-42A3-9474-1A3956D46DE8}") = "Pagamentos", "Pagamentos", "{AA0A8F25-CA98-4FE9-B09A-DAD00000586E}"
EndProject
Project("{2150E333-8FDC-42A3-9474-1A3956D46DE8}") = "Vendas", "Vendas", "{50EDC81B-3CB7-4C4F-99B4-08DFE0CCCA07}"
EndProject
Project("{9A19103F-16F7-4668-BE54-9A1E7A4F7556}") = "NerdStore.Catalogo.Domain", "src\NerdSotre.Catalogo.Domain\NerdStore.Catalogo.Domain.csproj", "{24065F02-3527-43E9-80C2-B7F6BCFE1BD2}"
EndProject
Project("{9A19103F-16F7-4668-BE54-9A1E7A4F7556}") = "NerdStore.Core", "src\NerdStore.Core\NerdStore.Core.csproj", "{03F31097-632E-4DA9-B4D4-1FA575B97598}"
EndProject
Project("{2150E333-8FDC-42A3-9474-1A3956D46DE8}") = "Tests", "Tests", "{13F90279-0C40-407B-8FD7-43B4F511E6A0}"
EndProject
Project("{9A19103F-16F7-4668-BE54-9A1E7A4F7556}") = "NerdStore.Catalogo.Domain.Tests", "tests\NerdStore.Catalogo.Domain.Tests\NerdStore.Catalogo.Domain.Tests.csproj", "{B353E1B0-E7D7-4C3A-864B-8536CF8CEF95}"
EndProject
Project("{FAE04EC0-301F-11D3-BF4B-00C04F79EFBC}") = "NerdStore.Catalogo.Data", "src\NerdStore.Catalogo.Data\NerdStore.Catalogo.Data.csproj", "{BB48E1F1-7C37-4EA6-8114-6CED263007D6}"
EndProject
Global
	GlobalSection(SolutionConfigurationPlatforms) = preSolution
		Debug|Any CPU = Debug|Any CPU
		Release|Any CPU = Release|Any CPU
	EndGlobalSection
	GlobalSection(ProjectConfigurationPlatforms) = postSolution
		{24065F02-3527-43E9-80C2-B7F6BCFE1BD2}.Debug|Any CPU.ActiveCfg = Debug|Any CPU
		{24065F02-3527-43E9-80C2-B7F6BCFE1BD2}.Debug|Any CPU.Build.0 = Debug|Any CPU
		{24065F02-3527-43E9-80C2-B7F6BCFE1BD2}.Release|Any CPU.ActiveCfg = Release|Any CPU
		{24065F02-3527-43E9-80C2-B7F6BCFE1BD2}.Release|Any CPU.Build.0 = Release|Any CPU
		{03F31097-632E-4DA9-B4D4-1FA575B97598}.Debug|Any CPU.ActiveCfg = Debug|Any CPU
		{03F31097-632E-4DA9-B4D4-1FA575B97598}.Debug|Any CPU.Build.0 = Debug|Any CPU
		{03F31097-632E-4DA9-B4D4-1FA575B97598}.Release|Any CPU.ActiveCfg = Release|Any CPU
		{03F31097-632E-4DA9-B4D4-1FA575B97598}.Release|Any CPU.Build.0 = Release|Any CPU
		{B353E1B0-E7D7-4C3A-864B-8536CF8CEF95}.Debug|Any CPU.ActiveCfg = Debug|Any CPU
		{B353E1B0-E7D7-4C3A-864B-8536CF8CEF95}.Debug|Any CPU.Build.0 = Debug|Any CPU
		{B353E1B0-E7D7-4C3A-864B-8536CF8CEF95}.Release|Any CPU.ActiveCfg = Release|Any CPU
		{B353E1B0-E7D7-4C3A-864B-8536CF8CEF95}.Release|Any CPU.Build.0 = Release|Any CPU
		{BB48E1F1-7C37-4EA6-8114-6CED263007D6}.Debug|Any CPU.ActiveCfg = Debug|Any CPU
		{BB48E1F1-7C37-4EA6-8114-6CED263007D6}.Debug|Any CPU.Build.0 = Debug|Any CPU
		{BB48E1F1-7C37-4EA6-8114-6CED263007D6}.Release|Any CPU.ActiveCfg = Release|Any CPU
		{BB48E1F1-7C37-4EA6-8114-6CED263007D6}.Release|Any CPU.Build.0 = Release|Any CPU
	EndGlobalSection
	GlobalSection(SolutionProperties) = preSolution
		HideSolutionNode = FALSE
	EndGlobalSection
	GlobalSection(NestedProjects) = preSolution
		{5C59BDB5-83A1-455A-B2FA-1786CCF991EB} = {C94D63D3-5FCC-41EC-A8BC-E4916BB218E2}
		{59758273-8770-4482-A2B3-B3EC0483EA20} = {C94D63D3-5FCC-41EC-A8BC-E4916BB218E2}
		{9D87EADE-13E4-4F70-8915-9F1063F17564} = {C94D63D3-5FCC-41EC-A8BC-E4916BB218E2}
		{F054C80F-61DC-4A26-901F-76C34F60FFCC} = {C94D63D3-5FCC-41EC-A8BC-E4916BB218E2}
		{AA0A8F25-CA98-4FE9-B09A-DAD00000586E} = {C94D63D3-5FCC-41EC-A8BC-E4916BB218E2}
		{50EDC81B-3CB7-4C4F-99B4-08DFE0CCCA07} = {C94D63D3-5FCC-41EC-A8BC-E4916BB218E2}
		{24065F02-3527-43E9-80C2-B7F6BCFE1BD2} = {59758273-8770-4482-A2B3-B3EC0483EA20}
		{03F31097-632E-4DA9-B4D4-1FA575B97598} = {9D87EADE-13E4-4F70-8915-9F1063F17564}
		{13F90279-0C40-407B-8FD7-43B4F511E6A0} = {59758273-8770-4482-A2B3-B3EC0483EA20}
		{B353E1B0-E7D7-4C3A-864B-8536CF8CEF95} = {13F90279-0C40-407B-8FD7-43B4F511E6A0}
		{BB48E1F1-7C37-4EA6-8114-6CED263007D6} = {59758273-8770-4482-A2B3-B3EC0483EA20}
	EndGlobalSection
	GlobalSection(ExtensibilityGlobals) = postSolution
		SolutionGuid = {A27E4C5B-B7B1-4EFE-B36B-5EAEA1BED43C}
	EndGlobalSection
EndGlobal
